
Microsoft Visual Studio Solution File, Format Version 12.00
# Visual Studio Version 17
VisualStudioVersion = 17.4.33403.182
MinimumVisualStudioVersion = 10.0.40219.1
Project("{FAE04EC0-301F-11D3-BF4B-00C04F79EFBC}") = "API", "API\API.csproj", "{2F1F47FD-1118-449B-B0BC-C867B2B754F4}"
EndProject
Project("{FAE04EC0-301F-11D3-BF4B-00C04F79EFBC}") = "DataAccess.Layer", "DataAccess.Layer\DataAccess.Layer.csproj", "{8503E1AD-7256-4C77-8A4D-7306D541051F}"
EndProject
Project("{FAE04EC0-301F-11D3-BF4B-00C04F79EFBC}") = "Business.Layer", "Business.Layer\Business.Layer.csproj", "{29085F2B-68ED-42E3-B4CC-C04071A45DAF}"
EndProject
Global
	GlobalSection(SolutionConfigurationPlatforms) = preSolution
		Debug|Any CPU = Debug|Any CPU
		Release|Any CPU = Release|Any CPU
	EndGlobalSection
	GlobalSection(ProjectConfigurationPlatforms) = postSolution
		{2F1F47FD-1118-449B-B0BC-C867B2B754F4}.Debug|Any CPU.ActiveCfg = Debug|Any CPU
		{2F1F47FD-1118-449B-B0BC-C867B2B754F4}.Debug|Any CPU.Build.0 = Debug|Any CPU
		{2F1F47FD-1118-449B-B0BC-C867B2B754F4}.Release|Any CPU.ActiveCfg = Release|Any CPU
		{2F1F47FD-1118-449B-B0BC-C867B2B754F4}.Release|Any CPU.Build.0 = Release|Any CPU
		{8503E1AD-7256-4C77-8A4D-7306D541051F}.Debug|Any CPU.ActiveCfg = Debug|Any CPU
		{8503E1AD-7256-4C77-8A4D-7306D541051F}.Debug|Any CPU.Build.0 = Debug|Any CPU
		{8503E1AD-7256-4C77-8A4D-7306D541051F}.Release|Any CPU.ActiveCfg = Release|Any CPU
		{8503E1AD-7256-4C77-8A4D-7306D541051F}.Release|Any CPU.Build.0 = Release|Any CPU
		{29085F2B-68ED-42E3-B4CC-C04071A45DAF}.Debug|Any CPU.ActiveCfg = Debug|Any CPU
		{29085F2B-68ED-42E3-B4CC-C04071A45DAF}.Debug|Any CPU.Build.0 = Debug|Any CPU
		{29085F2B-68ED-42E3-B4CC-C04071A45DAF}.Release|Any CPU.ActiveCfg = Release|Any CPU
		{29085F2B-68ED-42E3-B4CC-C04071A45DAF}.Release|Any CPU.Build.0 = Release|Any CPU
	EndGlobalSection
	GlobalSection(SolutionProperties) = preSolution
		HideSolutionNode = FALSE
	EndGlobalSection
	GlobalSection(ExtensibilityGlobals) = postSolution
		SolutionGuid = {4F53FB84-4471-4F76-B700-CC5BDE7009AF}
	EndGlobalSection
EndGlobal
